{
  "nodes": {
    "crane": {
      "locked": {
        "lastModified": 1766774972,
        "narHash": "sha256-8qxEFpj4dVmIuPn9j9z6NTbU+hrcGjBOvaxTzre5HmM=",
        "owner": "ipetkov",
        "repo": "crane",
        "rev": "01bc1d404a51a0a07e9d8759cd50a7903e218c82",
        "type": "github"
      },
      "original": {
        "owner": "ipetkov",
        "repo": "crane",
        "type": "github"
      }
    },
    "crane_2": {
      "locked": {
        "lastModified": 1763938834,
        "narHash": "sha256-j8iB0Yr4zAvQLueCZ5abxfk6fnG/SJ5JnGUziETjwfg=",
        "owner": "ipetkov",
        "repo": "crane",
        "rev": "d9e753122e51cee64eb8d2dddfe11148f339f5a2",
        "type": "github"
      },
      "original": {
        "owner": "ipetkov",
        "repo": "crane",
        "type": "github"
      }
    },
    "crane_3": {
      "locked": {
        "lastModified": 1759511609,
        "narHash": "sha256-uU6Dq5OUgI9pEiMDwZZhvsoxYD+36xKIkYyFXDr//6A=",
        "owner": "ipetkov",
        "repo": "crane",
        "rev": "c5b48a59ccd5179ea626f47b05d2828c37fb31b7",
        "type": "github"
      },
      "original": {
        "owner": "ipetkov",
        "repo": "crane",
        "type": "github"
      }
    },
    "flake-compat": {
      "flake": false,
      "locked": {
        "lastModified": 1747046372,
        "narHash": "sha256-CIVLLkVgvHYbgI2UpXvIIBJ12HWgX+fjA8Xf8PUmqCY=",
        "owner": "edolstra",
        "repo": "flake-compat",
        "rev": "9100a0f413b0c601e0533d1d94ffd501ce2e7885",
        "type": "github"
      },
      "original": {
        "owner": "edolstra",
        "repo": "flake-compat",
        "type": "github"
      }
    },
    "flake-parts": {
      "inputs": {
        "nixpkgs-lib": "nixpkgs-lib"
      },
      "locked": {
        "lastModified": 1765835352,
        "narHash": "sha256-XswHlK/Qtjasvhd1nOa1e8MgZ8GS//jBoTqWtrS1Giw=",
        "owner": "hercules-ci",
        "repo": "flake-parts",
        "rev": "a34fae9c08a15ad73f295041fec82323541400a9",
        "type": "github"
      },
      "original": {
        "owner": "hercules-ci",
        "repo": "flake-parts",
        "type": "github"
      }
    },
    "flake-parts_2": {
      "inputs": {
        "nixpkgs-lib": "nixpkgs-lib_2"
      },
      "locked": {
        "lastModified": 1763759067,
        "narHash": "sha256-LlLt2Jo/gMNYAwOgdRQBrsRoOz7BPRkzvNaI/fzXi2Q=",
        "owner": "hercules-ci",
        "repo": "flake-parts",
        "rev": "2cccadc7357c0ba201788ae99c4dfa90728ef5e0",
        "type": "github"
      },
      "original": {
        "owner": "hercules-ci",
        "repo": "flake-parts",
        "type": "github"
      }
    },
    "flake-parts_3": {
      "inputs": {
        "nixpkgs-lib": "nixpkgs-lib_3"
      },
      "locked": {
        "lastModified": 1759362264,
        "narHash": "sha256-wfG0S7pltlYyZTM+qqlhJ7GMw2fTF4mLKCIVhLii/4M=",
        "owner": "hercules-ci",
        "repo": "flake-parts",
        "rev": "758cf7296bee11f1706a574c77d072b8a7baa881",
        "type": "github"
      },
      "original": {
        "owner": "hercules-ci",
        "repo": "flake-parts",
        "type": "github"
      }
    },
    "git-hooks": {
      "inputs": {
        "flake-compat": "flake-compat",
        "gitignore": "gitignore",
        "nixpkgs": [
          "nixpkgs"
        ]
      },
      "locked": {
        "lastModified": 1765911976,
        "narHash": "sha256-t3T/xm8zstHRLx+pIHxVpQTiySbKqcQbK+r+01XVKc0=",
        "owner": "cachix",
        "repo": "git-hooks.nix",
        "rev": "b68b780b69702a090c8bb1b973bab13756cc7a27",
        "type": "github"
      },
      "original": {
        "owner": "cachix",
        "repo": "git-hooks.nix",
        "type": "github"
      }
    },
    "gitignore": {
      "inputs": {
        "nixpkgs": [
          "git-hooks",
          "nixpkgs"
        ]
      },
      "locked": {
        "lastModified": 1709087332,
        "narHash": "sha256-HG2cCnktfHsKV0s4XW83gU3F57gaTljL9KNSuG6bnQs=",
        "owner": "hercules-ci",
        "repo": "gitignore.nix",
        "rev": "637db329424fd7e46cf4185293b9cc8c88c95394",
        "type": "github"
      },
      "original": {
        "owner": "hercules-ci",
        "repo": "gitignore.nix",
        "type": "github"
      }
    },
    "hc-scaffold": {
      "flake": false,
      "locked": {
        "lastModified": 1764163563,
        "narHash": "sha256-KigJ3h25yNJfeQunPm5QYFPtLSk6nU3IEEvZY8w01Vo=",
        "owner": "holochain",
        "repo": "scaffolding",
        "rev": "87e997a7361d4aa7c1bb96261483ebba50223bd0",
        "type": "github"
      },
      "original": {
        "owner": "holochain",
        "ref": "v0.600.1",
        "repo": "scaffolding",
        "type": "github"
      }
    },
    "holochain": {
      "flake": false,
      "locked": {
        "lastModified": 1763554421,
        "narHash": "sha256-uCVTHeoJpDcc3Ky6gXt1oZX7XxVL3CmY9pFVQ5AEXtM=",
        "owner": "holochain",
        "repo": "holochain",
        "rev": "a6d4e805a0971ccbc0dcb3f3ed6a9e2fac980a3b",
        "type": "github"
      },
      "original": {
        "owner": "holochain",
        "ref": "holochain-0.6.0",
        "repo": "holochain",
        "type": "github"
      }
    },
    "holonix": {
      "inputs": {
        "crane": "crane_2",
        "flake-parts": "flake-parts_2",
        "hc-scaffold": "hc-scaffold",
        "holochain": "holochain",
        "kitsune2": "kitsune2",
        "lair-keystore": "lair-keystore",
        "nixpkgs": "nixpkgs",
        "playground": "playground",
        "rust-overlay": "rust-overlay"
      },
      "locked": {
        "lastModified": 1764604731,
        "narHash": "sha256-IW9tFLUMqoaIAfAU9eH7wL7ws93nf+gEhl2v9Aipzak=",
        "owner": "holochain",
        "repo": "holonix",
        "rev": "2fec8bf3772bf0df6f37734da3e063b9aa285aca",
        "type": "github"
      },
      "original": {
        "owner": "holochain",
        "ref": "main-0.6",
        "repo": "holonix",
        "type": "github"
      }
    },
    "kitsune2": {
      "flake": false,
      "locked": {
        "lastModified": 1763403287,
        "narHash": "sha256-dqQJMoDbcD0ekttrv5+8ph5Yf25EdXwKktsxNjV57Iw=",
        "owner": "holochain",
        "repo": "kitsune2",
        "rev": "22de6e42100aa960d05f5f30427a236ad922bd80",
        "type": "github"
      },
      "original": {
        "owner": "holochain",
        "ref": "v0.3.2",
        "repo": "kitsune2",
        "type": "github"
      }
    },
    "kitsune2_2": {
      "inputs": {
        "crane": "crane_3",
        "flake-parts": "flake-parts_3",
        "nixpkgs": "nixpkgs_2",
        "rust-overlay": "rust-overlay_2"
      },
      "locked": {
        "lastModified": 1763497429,
        "narHash": "sha256-JjnLeLkpGQADWOQnumZIGPmY6cSSOZaWSimMJ98RL/0=",
        "owner": "holochain",
        "repo": "kitsune2",
        "rev": "82034d4234eac2d54fd68f7d157b24d707a938f2",
        "type": "github"
      },
      "original": {
        "owner": "holochain",
        "ref": "release-0.3",
        "repo": "kitsune2",
        "type": "github"
      }
    },
    "lair-keystore": {
      "flake": false,
      "locked": {
        "lastModified": 1759147598,
        "narHash": "sha256-K8TkVlKAwS7uuSZC46oSHddtZTM2XGWUTNnjjYdC1bE=",
        "owner": "holochain",
        "repo": "lair",
        "rev": "8aa9ab1468e82a8bfb9bf1e65762efc51659d306",
        "type": "github"
      },
      "original": {
        "owner": "holochain",
        "ref": "v0.6.3",
        "repo": "lair",
        "type": "github"
      }
    },
    "nixpkgs": {
      "locked": {
        "lastModified": 1763948260,
        "narHash": "sha256-dY9qLD0H0zOUgU3vWacPY6Qc421BeQAfm8kBuBtPVE0=",
        "owner": "nixos",
        "repo": "nixpkgs",
        "rev": "1c8ba8d3f7634acac4a2094eef7c32ad9106532c",
        "type": "github"
      },
      "original": {
        "owner": "nixos",
        "ref": "nixos-25.05",
        "repo": "nixpkgs",
        "type": "github"
      }
    },
    "nixpkgs-lib": {
      "locked": {
        "lastModified": 1765674936,
        "narHash": "sha256-k00uTP4JNfmejrCLJOwdObYC9jHRrr/5M/a/8L2EIdo=",
        "owner": "nix-community",
        "repo": "nixpkgs.lib",
        "rev": "2075416fcb47225d9b68ac469a5c4801a9c4dd85",
        "type": "github"
      },
      "original": {
        "owner": "nix-community",
        "repo": "nixpkgs.lib",
        "type": "github"
      }
    },
    "nixpkgs-lib_2": {
      "locked": {
        "lastModified": 1761765539,
        "narHash": "sha256-b0yj6kfvO8ApcSE+QmA6mUfu8IYG6/uU28OFn4PaC8M=",
        "owner": "nix-community",
        "repo": "nixpkgs.lib",
        "rev": "719359f4562934ae99f5443f20aa06c2ffff91fc",
        "type": "github"
      },
      "original": {
        "owner": "nix-community",
        "repo": "nixpkgs.lib",
        "type": "github"
      }
    },
    "nixpkgs-lib_3": {
      "locked": {
        "lastModified": 1754788789,
        "narHash": "sha256-x2rJ+Ovzq0sCMpgfgGaaqgBSwY+LST+WbZ6TytnT9Rk=",
        "owner": "nix-community",
        "repo": "nixpkgs.lib",
        "rev": "a73b9c743612e4244d865a2fdee11865283c04e6",
        "type": "github"
      },
      "original": {
        "owner": "nix-community",
        "repo": "nixpkgs.lib",
        "type": "github"
      }
    },
    "nixpkgs_2": {
      "locked": {
        "lastModified": 1759281824,
        "narHash": "sha256-FIBE1qXv9TKvSNwst6FumyHwCRH3BlWDpfsnqRDCll0=",
        "owner": "nixos",
        "repo": "nixpkgs",
        "rev": "5b5be50345d4113d04ba58c444348849f5585b4a",
        "type": "github"
      },
      "original": {
        "owner": "nixos",
        "ref": "nixos-25.05",
        "repo": "nixpkgs",
        "type": "github"
      }
    },
    "nixpkgs_3": {
      "locked": {
        "lastModified": 1767047869,
        "narHash": "sha256-tzYsEzXEVa7op1LTnrLSiPGrcCY6948iD0EcNLWcmzo=",
        "owner": "nixos",
        "repo": "nixpkgs",
        "rev": "89dbf01df72eb5ebe3b24a86334b12c27d68016a",
        "type": "github"
      },
      "original": {
        "owner": "nixos",
        "ref": "nixos-25.11",
        "repo": "nixpkgs",
        "type": "github"
      }
    },
    "playground": {
      "flake": false,
      "locked": {
        "lastModified": 1756729856,
        "narHash": "sha256-xJnIfcIyLRTXsf+N8OOMnqzRkx2gT/DSta7qCm8yU7Y=",
        "owner": "darksoil-studio",
        "repo": "holochain-playground",
        "rev": "5e858641de8ac6113cfa6b47ea1350762a629a61",
        "type": "github"
      },
      "original": {
        "owner": "darksoil-studio",
        "ref": "main",
        "repo": "holochain-playground",
        "type": "github"
      }
    },
    "root": {
      "inputs": {
        "crane": "crane",
        "flake-parts": "flake-parts",
        "git-hooks": "git-hooks",
        "holonix": "holonix",
        "kitsune2": "kitsune2_2",
        "nixpkgs": "nixpkgs_3",
        "rust-overlay": "rust-overlay_3"
      }
    },
    "rust-overlay": {
      "inputs": {
        "nixpkgs": [
          "holonix",
          "nixpkgs"
        ]
      },
      "locked": {
        "lastModified": 1764297505,
        "narHash": "sha256-qrLpVu2/hA9Cu6IovMEsgh9YRyvmmWS+bSx7C1JGChA=",
        "owner": "oxalica",
        "repo": "rust-overlay",
        "rev": "9623580f8ce09ec444b9aca107566ec5db110e62",
        "type": "github"
      },
      "original": {
        "owner": "oxalica",
        "repo": "rust-overlay",
        "type": "github"
      }
    },
    "rust-overlay_2": {
      "inputs": {
        "nixpkgs": [
          "kitsune2",
          "nixpkgs"
        ]
      },
      "locked": {
        "lastModified": 1759458749,
        "narHash": "sha256-WKnbJnm1B2+TO2ZUudgS39EzecQeLl4/bnRtd3y46LI=",
        "owner": "oxalica",
        "repo": "rust-overlay",
        "rev": "bbc3a8ae797d1700e57a4f4bcc4e79af727d4138",
        "type": "github"
      },
      "original": {
        "owner": "oxalica",
        "repo": "rust-overlay",
        "type": "github"
      }
    },
    "rust-overlay_3": {
      "inputs": {
        "nixpkgs": [
          "nixpkgs"
        ]
      },
      "locked": {
        "lastModified": 1767149068,
        "narHash": "sha256-TjfAb58Ybz/93e2jP0qD846dj+VqiY7wk+EqsxcZ708=",
        "owner": "oxalica",
        "repo": "rust-overlay",
        "rev": "6d14586a5917a1ec7f045ac97e6d00c68ea5d9f3",
        "type": "github"
      },
      "original": {
        "owner": "oxalica",
        "repo": "rust-overlay",
        "type": "github"
      }
    }
  },
  "root": "root",
  "version": 7
}
