{
  "nodes": {
    "amber": {
      "inputs": {
        "naersk": [
          "naersk"
        ],
        "nixpkgs": [
          "nixpkgs"
        ],
        "rust-overlay": [
          "rust-overlay"
        ],
        "utils": "utils"
      },
      "locked": {
        "lastModified": 1722516160,
        "narHash": "sha256-xcWKWNGcSMDGVTCCiPHYi8mz8a2648E61OoMwSsWcK4=",
        "owner": "thetasinner",
        "repo": "amber",
        "rev": "7a7d368366993d849a3de72ac2b76b041b66e611",
        "type": "github"
      },
      "original": {
        "owner": "thetasinner",
        "ref": "master",
        "repo": "amber",
        "type": "github"
      }
    },
    "crane": {
      "locked": {
        "lastModified": 1736101677,
        "narHash": "sha256-iKOPq86AOWCohuzxwFy/MtC8PcSVGnrxBOvxpjpzrAY=",
        "owner": "ipetkov",
        "repo": "crane",
        "rev": "61ba163d85e5adeddc7b3a69bb174034965965b2",
        "type": "github"
      },
      "original": {
        "owner": "ipetkov",
        "repo": "crane",
        "type": "github"
      }
    },
    "flake-parts": {
      "inputs": {
        "nixpkgs-lib": "nixpkgs-lib"
      },
      "locked": {
        "lastModified": 1736143030,
        "narHash": "sha256-+hu54pAoLDEZT9pjHlqL9DNzWz0NbUn8NEAHP7PQPzU=",
        "owner": "hercules-ci",
        "repo": "flake-parts",
        "rev": "b905f6fc23a9051a6e1b741e1438dbfc0634c6de",
        "type": "github"
      },
      "original": {
        "owner": "hercules-ci",
        "repo": "flake-parts",
        "type": "github"
      }
    },
    "hc-launch": {
      "flake": false,
      "locked": {
        "lastModified": 1734474851,
        "narHash": "sha256-OtXwvb97Qt+xh/K4+voy60kMnpPZvEoqoe2Bgkn+Nro=",
        "owner": "holochain",
        "repo": "hc-launch",
        "rev": "ca598033225d8ee3df7911c1cbde6004182e84eb",
        "type": "github"
      },
      "original": {
        "owner": "holochain",
        "ref": "holochain-0.4",
        "repo": "hc-launch",
        "type": "github"
      }
    },
    "hc-scaffold": {
      "flake": false,
      "locked": {
        "lastModified": 1734716209,
        "narHash": "sha256-nJkYMXTM6tDXuPEjnlT/z8mRM3S9i1latFSZ4ABhy0M=",
        "owner": "holochain",
        "repo": "scaffolding",
        "rev": "13c57210109e4df44b3ea9ae88013d95dc6c399d",
        "type": "github"
      },
      "original": {
        "owner": "holochain",
        "ref": "holochain-0.4",
        "repo": "scaffolding",
        "type": "github"
      }
    },
    "holochain": {
      "flake": false,
      "locked": {
        "lastModified": 1734458780,
        "narHash": "sha256-v06NZ0VWiGSC6+JfnQ0qCmjEhSOfdwG76dxzJ2fgh7Y=",
        "owner": "holochain",
        "repo": "holochain",
        "rev": "f9311904e553e56e6622a978853974892d83e23e",
        "type": "github"
      },
      "original": {
        "owner": "holochain",
        "ref": "holochain-0.4.0",
        "repo": "holochain",
        "type": "github"
      }
    },
    "holonix": {
      "inputs": {
        "crane": [
          "crane"
        ],
        "flake-parts": [
          "flake-parts"
        ],
        "hc-launch": "hc-launch",
        "hc-scaffold": "hc-scaffold",
        "holochain": "holochain",
        "lair-keystore": "lair-keystore",
        "nixpkgs": [
          "nixpkgs"
        ],
        "rust-overlay": [
          "rust-overlay"
        ]
      },
      "locked": {
        "lastModified": 1735318660,
        "narHash": "sha256-36GaLinGqrTDS44agibiHbfAJv/F5PZbR4TCMEBQ9/0=",
        "owner": "holochain",
        "repo": "holonix",
        "rev": "d7e811d568f6d713a16961991efd6bf0047844f3",
        "type": "github"
      },
      "original": {
        "owner": "holochain",
        "ref": "main-0.4",
        "repo": "holonix",
        "type": "github"
      }
    },
    "lair-keystore": {
      "flake": false,
      "locked": {
        "lastModified": 1732721902,
        "narHash": "sha256-D8sXIpOptaXib5bc6zS7KsGzu4D08jaL8Fx1W/mlADE=",
        "owner": "holochain",
        "repo": "lair",
        "rev": "e82937521ae9b7bdb30c8b0736c13cd4220a0223",
        "type": "github"
      },
      "original": {
        "owner": "holochain",
        "ref": "lair_keystore-v0.5.3",
        "repo": "lair",
        "type": "github"
      }
    },
    "naersk": {
      "inputs": {
        "nixpkgs": [
          "nixpkgs"
        ]
      },
      "locked": {
        "lastModified": 1733346208,
        "narHash": "sha256-a4WZp1xQkrnA4BbnKrzJNr+dYoQr5Xneh2syJoddFyE=",
        "owner": "nix-community",
        "repo": "naersk",
        "rev": "378614f37a6bee5a3f2ef4f825a73d948d3ae921",
        "type": "github"
      },
      "original": {
        "owner": "nix-community",
        "ref": "master",
        "repo": "naersk",
        "type": "github"
      }
    },
    "nixpkgs": {
      "locked": {
        "lastModified": 1717179513,
        "narHash": "sha256-vboIEwIQojofItm2xGCdZCzW96U85l9nDW3ifMuAIdM=",
        "owner": "nixos",
        "repo": "nixpkgs",
        "rev": "63dacb46bf939521bdc93981b4cbb7ecb58427a0",
        "type": "github"
      },
      "original": {
        "owner": "nixos",
        "ref": "24.05",
        "repo": "nixpkgs",
        "type": "github"
      }
    },
    "nixpkgs-lib": {
      "locked": {
        "lastModified": 1735774519,
        "narHash": "sha256-CewEm1o2eVAnoqb6Ml+Qi9Gg/EfNAxbRx1lANGVyoLI=",
        "type": "tarball",
        "url": "https://github.com/NixOS/nixpkgs/archive/e9b51731911566bbf7e4895475a87fe06961de0b.tar.gz"
      },
      "original": {
        "type": "tarball",
        "url": "https://github.com/NixOS/nixpkgs/archive/e9b51731911566bbf7e4895475a87fe06961de0b.tar.gz"
      }
    },
    "root": {
      "inputs": {
        "amber": "amber",
        "crane": "crane",
        "flake-parts": "flake-parts",
        "holonix": "holonix",
        "naersk": "naersk",
        "nixpkgs": "nixpkgs",
        "rust-overlay": "rust-overlay",
        "tryorama": "tryorama"
      }
    },
    "rust-overlay": {
      "inputs": {
        "nixpkgs": [
          "nixpkgs"
        ]
      },
      "locked": {
        "lastModified": 1736130662,
        "narHash": "sha256-z+WGez9oTR2OsiUWE5ZhIpETqM1ogrv6Xcd24WFi6KQ=",
        "owner": "oxalica",
        "repo": "rust-overlay",
        "rev": "2f5d4d9cd31cc02c36e51cb2e21c4b25c4f78c52",
        "type": "github"
      },
      "original": {
        "owner": "oxalica",
        "repo": "rust-overlay",
        "type": "github"
      }
    },
    "systems": {
      "locked": {
        "lastModified": 1681028828,
        "narHash": "sha256-Vy1rq5AaRuLzOxct8nz4T6wlgyUR7zLU309k9mBC768=",
        "owner": "nix-systems",
        "repo": "default",
        "rev": "da67096a3b9bf56a91d16901293e51ba5b49a27e",
        "type": "github"
      },
      "original": {
        "owner": "nix-systems",
        "repo": "default",
        "type": "github"
      }
    },
    "tryorama": {
      "inputs": {
        "crane": [
          "crane"
        ],
        "holonix": [
          "holonix"
        ],
        "nixpkgs": [
          "nixpkgs"
        ],
        "rust-overlay": [
          "rust-overlay"
        ]
      },
      "locked": {
        "lastModified": 1727873905,
        "narHash": "sha256-0Dn/1FzO2/QqUt30KY8EKRjmcqIS1WjtrfmAQXkIgQE=",
        "owner": "holochain",
        "repo": "tryorama",
        "rev": "fda086208f71f10a5cfd3c962cb59abac966afba",
        "type": "github"
      },
      "original": {
        "owner": "holochain",
        "ref": "v0.17.0-dev.6",
        "repo": "tryorama",
        "type": "github"
      }
    },
    "utils": {
      "inputs": {
        "systems": "systems"
      },
      "locked": {
        "lastModified": 1710146030,
        "narHash": "sha256-SZ5L6eA7HJ/nmkzGG7/ISclqe6oZdOZTNoesiInkXPQ=",
        "owner": "numtide",
        "repo": "flake-utils",
        "rev": "b1d9ab70662946ef0850d488da1c9019f3a9752a",
        "type": "github"
      },
      "original": {
        "owner": "numtide",
        "repo": "flake-utils",
        "type": "github"
      }
    }
  },
  "root": "root",
  "version": 7
}
